
Microsoft Visual Studio Solution File, Format Version 12.00
# Visual Studio Version 17
VisualStudioVersion = 17.2.32516.85
MinimumVisualStudioVersion = 10.0.40219.1
Project("{FAE04EC0-301F-11D3-BF4B-00C04F79EFBC}") = "MyAzureSearchProject", "MyAzureSearchProject\MyAzureSearchProject.csproj", "{69457BDD-047E-4A1D-B6E2-28096F47EA26}"
EndProject
Global
	GlobalSection(SolutionConfigurationPlatforms) = preSolution
		Debug|Any CPU = Debug|Any CPU
		Release|Any CPU = Release|Any CPU
	EndGlobalSection
	GlobalSection(ProjectConfigurationPlatforms) = postSolution
		{69457BDD-047E-4A1D-B6E2-28096F47EA26}.Debug|Any CPU.ActiveCfg = Debug|Any CPU
		{69457BDD-047E-4A1D-B6E2-28096F47EA26}.Debug|Any CPU.Build.0 = Debug|Any CPU
		{69457BDD-047E-4A1D-B6E2-28096F47EA26}.Release|Any CPU.ActiveCfg = Release|Any CPU
		{69457BDD-047E-4A1D-B6E2-28096F47EA26}.Release|Any CPU.Build.0 = Release|Any CPU
	EndGlobalSection
	GlobalSection(SolutionProperties) = preSolution
		HideSolutionNode = FALSE
	EndGlobalSection
	GlobalSection(ExtensibilityGlobals) = postSolution
		SolutionGuid = {4E302124-3AD3-44B5-A924-DC64BC0D0F9F}
	EndGlobalSection
EndGlobal
